
Microsoft Visual Studio Solution File, Format Version 12.00
# Visual Studio Version 16
VisualStudioVersion = 16.0.29123.88
MinimumVisualStudioVersion = 10.0.40219.1
Project("{FAE04EC0-301F-11D3-BF4B-00C04F79EFBC}") = "PDNOriginacion.Module", "PDNOriginacion.Module\PDNOriginacion.Module.csproj", "{5F15837D-D1E5-44DC-92F0-4F2EBE9C3F8D}"
EndProject
Project("{FAE04EC0-301F-11D3-BF4B-00C04F79EFBC}") = "PDNOriginacion.Module.Web", "PDNOriginacion.Module.Web\PDNOriginacion.Module.Web.csproj", "{0C729AAD-7626-4668-A7F1-35F7D240489D}"
EndProject
Project("{FAE04EC0-301F-11D3-BF4B-00C04F79EFBC}") = "PDNOriginacion.Web", "PDNOriginacion.Web\PDNOriginacion.Web.csproj", "{82A6DBC9-B1B4-44E4-9718-55DF930CD349}"
EndProject
Project("{FAE04EC0-301F-11D3-BF4B-00C04F79EFBC}") = "PDNOriginacion.WFService", "PDNOriginacion.WFService\PDNOriginacion.WFService.csproj", "{BFA990F9-BDC9-4D55-A3F6-CE31528D059A}"
EndProject
Project("{FAE04EC0-301F-11D3-BF4B-00C04F79EFBC}") = "PDNOriginacion.Module.Win", "PDNOriginacion.Module.Win\PDNOriginacion.Module.Win.csproj", "{7964F87D-BC5D-4C4E-8B2F-71E89739AA97}"
EndProject
Project("{FAE04EC0-301F-11D3-BF4B-00C04F79EFBC}") = "PDNOriginacion.Win", "PDNOriginacion.Win\PDNOriginacion.Win.csproj", "{D05D93DF-312D-4D4E-B980-726871EC7833}"
EndProject
Project("{FAE04EC0-301F-11D3-BF4B-00C04F79EFBC}") = "FileDataITTI", "FileDataITTI\FileDataITTI.csproj", "{D29C2DD4-BAF0-4A76-A742-0DED87329303}"
EndProject
Project("{FAE04EC0-301F-11D3-BF4B-00C04F79EFBC}") = "FileUploadClient", "FileUploadClient\FileUploadClient.csproj", "{4DE476AB-FF74-475E-9318-0C968E1F49A9}"
EndProject
Project("{9A19103F-16F7-4668-BE54-9A1E7A4F7556}") = "FileUploadService", "FileUploadService\FileUploadService.csproj", "{451F437C-0695-4D5B-908E-6E725B862EFE}"
EndProject
Project("{FAE04EC0-301F-11D3-BF4B-00C04F79EFBC}") = "Shared", "Shared\Shared.csproj", "{7EB3BF25-7A8C-45F7-B9C1-37299F50EA4E}"
EndProject
Project("{2150E333-8FDC-42A3-9474-1A3956D46DE8}") = "LogicaEntidades", "LogicaEntidades", "{2774D06B-0765-4F8A-B4A5-89C5BAC03A7F}"
EndProject
Project("{2150E333-8FDC-42A3-9474-1A3956D46DE8}") = "Integracion", "Integracion", "{833C68B7-99DE-4286-AF0E-D9B015FC6BAC}"
EndProject
Project("{FAE04EC0-301F-11D3-BF4B-00C04F79EFBC}") = "IntegracionITGF", "IntegracionITGF\IntegracionITGF.csproj", "{AFCE2A24-7BA6-42DF-BB5A-44C42946384D}"
EndProject
Project("{FAE04EC0-301F-11D3-BF4B-00C04F79EFBC}") = "Prestamos", "Prestamos\Prestamos.csproj", "{9C6D0DA5-A7E5-41DF-A77A-1B67B70F6CD3}"
EndProject
Project("{FAE04EC0-301F-11D3-BF4B-00C04F79EFBC}") = "OriginacionTests", "OriginacionTests\OriginacionTests.csproj", "{2E3DF5C2-8A38-4A03-86D7-8D463C917E47}"
EndProject
Project("{FAE04EC0-301F-11D3-BF4B-00C04F79EFBC}") = "PDNVisor", "PDNVisor\PDNVisor.csproj", "{A80BB1CA-9C8D-4B41-8118-DB1A0A432923}"
EndProject
Project("{FAE04EC0-301F-11D3-BF4B-00C04F79EFBC}") = "UserViewVariants", "UserViewVariants\UserViewVariants.csproj", "{139CB60F-3DF5-4566-8494-8E06FEDD8DAC}"
EndProject
Project("{FAE04EC0-301F-11D3-BF4B-00C04F79EFBC}") = "UserViewVariants.Web", "UserViewVariants.Web\UserViewVariants.Web.csproj", "{B9EF03FF-D05B-4FD4-A8E9-F90D819CB1DC}"
EndProject
Project("{FAE04EC0-301F-11D3-BF4B-00C04F79EFBC}") = "HyperLinkPropertyEditor.Web", "HyperLinkPropertyEditor.Web\HyperLinkPropertyEditor.Web.csproj", "{D7405FE5-4733-4700-8B8D-8BA1F61BB730}"
EndProject
Global
	GlobalSection(SolutionConfigurationPlatforms) = preSolution
		Debug|Any CPU = Debug|Any CPU
		Debug|ARM = Debug|ARM
		Debug|x64 = Debug|x64
		Debug|x86 = Debug|x86
		EasyTest|Any CPU = EasyTest|Any CPU
		EasyTest|ARM = EasyTest|ARM
		EasyTest|x64 = EasyTest|x64
		EasyTest|x86 = EasyTest|x86
		Release|Any CPU = Release|Any CPU
		Release|ARM = Release|ARM
		Release|x64 = Release|x64
		Release|x86 = Release|x86
	EndGlobalSection
	GlobalSection(ProjectConfigurationPlatforms) = postSolution
		{5F15837D-D1E5-44DC-92F0-4F2EBE9C3F8D}.Debug|Any CPU.ActiveCfg = Debug|Any CPU
		{5F15837D-D1E5-44DC-92F0-4F2EBE9C3F8D}.Debug|Any CPU.Build.0 = Debug|Any CPU
		{5F15837D-D1E5-44DC-92F0-4F2EBE9C3F8D}.Debug|ARM.ActiveCfg = Debug|Any CPU
		{5F15837D-D1E5-44DC-92F0-4F2EBE9C3F8D}.Debug|ARM.Build.0 = Debug|Any CPU
		{5F15837D-D1E5-44DC-92F0-4F2EBE9C3F8D}.Debug|x64.ActiveCfg = Debug|Any CPU
		{5F15837D-D1E5-44DC-92F0-4F2EBE9C3F8D}.Debug|x64.Build.0 = Debug|Any CPU
		{5F15837D-D1E5-44DC-92F0-4F2EBE9C3F8D}.Debug|x86.ActiveCfg = Debug|Any CPU
		{5F15837D-D1E5-44DC-92F0-4F2EBE9C3F8D}.Debug|x86.Build.0 = Debug|Any CPU
		{5F15837D-D1E5-44DC-92F0-4F2EBE9C3F8D}.EasyTest|Any CPU.ActiveCfg = EasyTest|Any CPU
		{5F15837D-D1E5-44DC-92F0-4F2EBE9C3F8D}.EasyTest|Any CPU.Build.0 = EasyTest|Any CPU
		{5F15837D-D1E5-44DC-92F0-4F2EBE9C3F8D}.EasyTest|ARM.ActiveCfg = EasyTest|Any CPU
		{5F15837D-D1E5-44DC-92F0-4F2EBE9C3F8D}.EasyTest|ARM.Build.0 = EasyTest|Any CPU
		{5F15837D-D1E5-44DC-92F0-4F2EBE9C3F8D}.EasyTest|x64.ActiveCfg = EasyTest|Any CPU
		{5F15837D-D1E5-44DC-92F0-4F2EBE9C3F8D}.EasyTest|x64.Build.0 = EasyTest|Any CPU
		{5F15837D-D1E5-44DC-92F0-4F2EBE9C3F8D}.EasyTest|x86.ActiveCfg = EasyTest|Any CPU
		{5F15837D-D1E5-44DC-92F0-4F2EBE9C3F8D}.EasyTest|x86.Build.0 = EasyTest|Any CPU
		{5F15837D-D1E5-44DC-92F0-4F2EBE9C3F8D}.Release|Any CPU.ActiveCfg = Release|Any CPU
		{5F15837D-D1E5-44DC-92F0-4F2EBE9C3F8D}.Release|Any CPU.Build.0 = Release|Any CPU
		{5F15837D-D1E5-44DC-92F0-4F2EBE9C3F8D}.Release|ARM.ActiveCfg = Release|Any CPU
		{5F15837D-D1E5-44DC-92F0-4F2EBE9C3F8D}.Release|ARM.Build.0 = Release|Any CPU
		{5F15837D-D1E5-44DC-92F0-4F2EBE9C3F8D}.Release|x64.ActiveCfg = Release|Any CPU
		{5F15837D-D1E5-44DC-92F0-4F2EBE9C3F8D}.Release|x64.Build.0 = Release|Any CPU
		{5F15837D-D1E5-44DC-92F0-4F2EBE9C3F8D}.Release|x86.ActiveCfg = Release|Any CPU
		{5F15837D-D1E5-44DC-92F0-4F2EBE9C3F8D}.Release|x86.Build.0 = Release|Any CPU
		{0C729AAD-7626-4668-A7F1-35F7D240489D}.Debug|Any CPU.ActiveCfg = Debug|Any CPU
		{0C729AAD-7626-4668-A7F1-35F7D240489D}.Debug|Any CPU.Build.0 = Debug|Any CPU
		{0C729AAD-7626-4668-A7F1-35F7D240489D}.Debug|ARM.ActiveCfg = Debug|Any CPU
		{0C729AAD-7626-4668-A7F1-35F7D240489D}.Debug|ARM.Build.0 = Debug|Any CPU
		{0C729AAD-7626-4668-A7F1-35F7D240489D}.Debug|x64.ActiveCfg = Debug|Any CPU
		{0C729AAD-7626-4668-A7F1-35F7D240489D}.Debug|x64.Build.0 = Debug|Any CPU
		{0C729AAD-7626-4668-A7F1-35F7D240489D}.Debug|x86.ActiveCfg = Debug|Any CPU
		{0C729AAD-7626-4668-A7F1-35F7D240489D}.Debug|x86.Build.0 = Debug|Any CPU
		{0C729AAD-7626-4668-A7F1-35F7D240489D}.EasyTest|Any CPU.ActiveCfg = EasyTest|Any CPU
		{0C729AAD-7626-4668-A7F1-35F7D240489D}.EasyTest|Any CPU.Build.0 = EasyTest|Any CPU
		{0C729AAD-7626-4668-A7F1-35F7D240489D}.EasyTest|ARM.ActiveCfg = EasyTest|Any CPU
		{0C729AAD-7626-4668-A7F1-35F7D240489D}.EasyTest|ARM.Build.0 = EasyTest|Any CPU
		{0C729AAD-7626-4668-A7F1-35F7D240489D}.EasyTest|x64.ActiveCfg = EasyTest|Any CPU
		{0C729AAD-7626-4668-A7F1-35F7D240489D}.EasyTest|x64.Build.0 = EasyTest|Any CPU
		{0C729AAD-7626-4668-A7F1-35F7D240489D}.EasyTest|x86.ActiveCfg = EasyTest|Any CPU
		{0C729AAD-7626-4668-A7F1-35F7D240489D}.EasyTest|x86.Build.0 = EasyTest|Any CPU
		{0C729AAD-7626-4668-A7F1-35F7D240489D}.Release|Any CPU.ActiveCfg = Release|Any CPU
		{0C729AAD-7626-4668-A7F1-35F7D240489D}.Release|Any CPU.Build.0 = Release|Any CPU
		{0C729AAD-7626-4668-A7F1-35F7D240489D}.Release|ARM.ActiveCfg = Release|Any CPU
		{0C729AAD-7626-4668-A7F1-35F7D240489D}.Release|ARM.Build.0 = Release|Any CPU
		{0C729AAD-7626-4668-A7F1-35F7D240489D}.Release|x64.ActiveCfg = Release|Any CPU
		{0C729AAD-7626-4668-A7F1-35F7D240489D}.Release|x64.Build.0 = Release|Any CPU
		{0C729AAD-7626-4668-A7F1-35F7D240489D}.Release|x86.ActiveCfg = Release|Any CPU
		{0C729AAD-7626-4668-A7F1-35F7D240489D}.Release|x86.Build.0 = Release|Any CPU
		{82A6DBC9-B1B4-44E4-9718-55DF930CD349}.Debug|Any CPU.ActiveCfg = Debug|Any CPU
		{82A6DBC9-B1B4-44E4-9718-55DF930CD349}.Debug|Any CPU.Build.0 = Debug|Any CPU
		{82A6DBC9-B1B4-44E4-9718-55DF930CD349}.Debug|ARM.ActiveCfg = Debug|Any CPU
		{82A6DBC9-B1B4-44E4-9718-55DF930CD349}.Debug|ARM.Build.0 = Debug|Any CPU
		{82A6DBC9-B1B4-44E4-9718-55DF930CD349}.Debug|x64.ActiveCfg = Debug|Any CPU
		{82A6DBC9-B1B4-44E4-9718-55DF930CD349}.Debug|x64.Build.0 = Debug|Any CPU
		{82A6DBC9-B1B4-44E4-9718-55DF930CD349}.Debug|x86.ActiveCfg = Debug|Any CPU
		{82A6DBC9-B1B4-44E4-9718-55DF930CD349}.Debug|x86.Build.0 = Debug|Any CPU
		{82A6DBC9-B1B4-44E4-9718-55DF930CD349}.EasyTest|Any CPU.ActiveCfg = EasyTest|Any CPU
		{82A6DBC9-B1B4-44E4-9718-55DF930CD349}.EasyTest|Any CPU.Build.0 = EasyTest|Any CPU
		{82A6DBC9-B1B4-44E4-9718-55DF930CD349}.EasyTest|ARM.ActiveCfg = EasyTest|Any CPU
		{82A6DBC9-B1B4-44E4-9718-55DF930CD349}.EasyTest|ARM.Build.0 = EasyTest|Any CPU
		{82A6DBC9-B1B4-44E4-9718-55DF930CD349}.EasyTest|x64.ActiveCfg = EasyTest|Any CPU
		{82A6DBC9-B1B4-44E4-9718-55DF930CD349}.EasyTest|x64.Build.0 = EasyTest|Any CPU
		{82A6DBC9-B1B4-44E4-9718-55DF930CD349}.EasyTest|x86.ActiveCfg = EasyTest|Any CPU
		{82A6DBC9-B1B4-44E4-9718-55DF930CD349}.EasyTest|x86.Build.0 = EasyTest|Any CPU
		{82A6DBC9-B1B4-44E4-9718-55DF930CD349}.Release|Any CPU.ActiveCfg = Release|Any CPU
		{82A6DBC9-B1B4-44E4-9718-55DF930CD349}.Release|Any CPU.Build.0 = Release|Any CPU
		{82A6DBC9-B1B4-44E4-9718-55DF930CD349}.Release|ARM.ActiveCfg = Release|Any CPU
		{82A6DBC9-B1B4-44E4-9718-55DF930CD349}.Release|ARM.Build.0 = Release|Any CPU
		{82A6DBC9-B1B4-44E4-9718-55DF930CD349}.Release|x64.ActiveCfg = Release|Any CPU
		{82A6DBC9-B1B4-44E4-9718-55DF930CD349}.Release|x64.Build.0 = Release|Any CPU
		{82A6DBC9-B1B4-44E4-9718-55DF930CD349}.Release|x86.ActiveCfg = Release|Any CPU
		{82A6DBC9-B1B4-44E4-9718-55DF930CD349}.Release|x86.Build.0 = Release|Any CPU
		{BFA990F9-BDC9-4D55-A3F6-CE31528D059A}.Debug|Any CPU.ActiveCfg = Debug|Any CPU
		{BFA990F9-BDC9-4D55-A3F6-CE31528D059A}.Debug|Any CPU.Build.0 = Debug|Any CPU
		{BFA990F9-BDC9-4D55-A3F6-CE31528D059A}.Debug|ARM.ActiveCfg = Debug|Any CPU
		{BFA990F9-BDC9-4D55-A3F6-CE31528D059A}.Debug|ARM.Build.0 = Debug|Any CPU
		{BFA990F9-BDC9-4D55-A3F6-CE31528D059A}.Debug|x64.ActiveCfg = Debug|Any CPU
		{BFA990F9-BDC9-4D55-A3F6-CE31528D059A}.Debug|x64.Build.0 = Debug|Any CPU
		{BFA990F9-BDC9-4D55-A3F6-CE31528D059A}.Debug|x86.ActiveCfg = Debug|Any CPU
		{BFA990F9-BDC9-4D55-A3F6-CE31528D059A}.Debug|x86.Build.0 = Debug|Any CPU
		{BFA990F9-BDC9-4D55-A3F6-CE31528D059A}.EasyTest|Any CPU.ActiveCfg = Release|Any CPU
		{BFA990F9-BDC9-4D55-A3F6-CE31528D059A}.EasyTest|Any CPU.Build.0 = Release|Any CPU
		{BFA990F9-BDC9-4D55-A3F6-CE31528D059A}.EasyTest|ARM.ActiveCfg = Release|Any CPU
		{BFA990F9-BDC9-4D55-A3F6-CE31528D059A}.EasyTest|ARM.Build.0 = Release|Any CPU
		{BFA990F9-BDC9-4D55-A3F6-CE31528D059A}.EasyTest|x64.ActiveCfg = Release|Any CPU
		{BFA990F9-BDC9-4D55-A3F6-CE31528D059A}.EasyTest|x64.Build.0 = Release|Any CPU
		{BFA990F9-BDC9-4D55-A3F6-CE31528D059A}.EasyTest|x86.ActiveCfg = Release|Any CPU
		{BFA990F9-BDC9-4D55-A3F6-CE31528D059A}.EasyTest|x86.Build.0 = Release|Any CPU
		{BFA990F9-BDC9-4D55-A3F6-CE31528D059A}.Release|Any CPU.ActiveCfg = Release|Any CPU
		{BFA990F9-BDC9-4D55-A3F6-CE31528D059A}.Release|Any CPU.Build.0 = Release|Any CPU
		{BFA990F9-BDC9-4D55-A3F6-CE31528D059A}.Release|ARM.ActiveCfg = Release|Any CPU
		{BFA990F9-BDC9-4D55-A3F6-CE31528D059A}.Release|ARM.Build.0 = Release|Any CPU
		{BFA990F9-BDC9-4D55-A3F6-CE31528D059A}.Release|x64.ActiveCfg = Release|Any CPU
		{BFA990F9-BDC9-4D55-A3F6-CE31528D059A}.Release|x64.Build.0 = Release|Any CPU
		{BFA990F9-BDC9-4D55-A3F6-CE31528D059A}.Release|x86.ActiveCfg = Release|Any CPU
		{BFA990F9-BDC9-4D55-A3F6-CE31528D059A}.Release|x86.Build.0 = Release|Any CPU
		{7964F87D-BC5D-4C4E-8B2F-71E89739AA97}.Debug|Any CPU.ActiveCfg = Debug|Any CPU
		{7964F87D-BC5D-4C4E-8B2F-71E89739AA97}.Debug|Any CPU.Build.0 = Debug|Any CPU
		{7964F87D-BC5D-4C4E-8B2F-71E89739AA97}.Debug|ARM.ActiveCfg = Debug|Any CPU
		{7964F87D-BC5D-4C4E-8B2F-71E89739AA97}.Debug|ARM.Build.0 = Debug|Any CPU
		{7964F87D-BC5D-4C4E-8B2F-71E89739AA97}.Debug|x64.ActiveCfg = Debug|Any CPU
		{7964F87D-BC5D-4C4E-8B2F-71E89739AA97}.Debug|x64.Build.0 = Debug|Any CPU
		{7964F87D-BC5D-4C4E-8B2F-71E89739AA97}.Debug|x86.ActiveCfg = Debug|Any CPU
		{7964F87D-BC5D-4C4E-8B2F-71E89739AA97}.Debug|x86.Build.0 = Debug|Any CPU
		{7964F87D-BC5D-4C4E-8B2F-71E89739AA97}.EasyTest|Any CPU.ActiveCfg = EasyTest|Any CPU
		{7964F87D-BC5D-4C4E-8B2F-71E89739AA97}.EasyTest|Any CPU.Build.0 = EasyTest|Any CPU
		{7964F87D-BC5D-4C4E-8B2F-71E89739AA97}.EasyTest|ARM.ActiveCfg = EasyTest|Any CPU
		{7964F87D-BC5D-4C4E-8B2F-71E89739AA97}.EasyTest|ARM.Build.0 = EasyTest|Any CPU
		{7964F87D-BC5D-4C4E-8B2F-71E89739AA97}.EasyTest|x64.ActiveCfg = EasyTest|Any CPU
		{7964F87D-BC5D-4C4E-8B2F-71E89739AA97}.EasyTest|x64.Build.0 = EasyTest|Any CPU
		{7964F87D-BC5D-4C4E-8B2F-71E89739AA97}.EasyTest|x86.ActiveCfg = EasyTest|Any CPU
		{7964F87D-BC5D-4C4E-8B2F-71E89739AA97}.EasyTest|x86.Build.0 = EasyTest|Any CPU
		{7964F87D-BC5D-4C4E-8B2F-71E89739AA97}.Release|Any CPU.ActiveCfg = Release|Any CPU
		{7964F87D-BC5D-4C4E-8B2F-71E89739AA97}.Release|Any CPU.Build.0 = Release|Any CPU
		{7964F87D-BC5D-4C4E-8B2F-71E89739AA97}.Release|ARM.ActiveCfg = Release|Any CPU
		{7964F87D-BC5D-4C4E-8B2F-71E89739AA97}.Release|ARM.Build.0 = Release|Any CPU
		{7964F87D-BC5D-4C4E-8B2F-71E89739AA97}.Release|x64.ActiveCfg = Release|Any CPU
		{7964F87D-BC5D-4C4E-8B2F-71E89739AA97}.Release|x64.Build.0 = Release|Any CPU
		{7964F87D-BC5D-4C4E-8B2F-71E89739AA97}.Release|x86.ActiveCfg = Release|Any CPU
		{7964F87D-BC5D-4C4E-8B2F-71E89739AA97}.Release|x86.Build.0 = Release|Any CPU
		{D05D93DF-312D-4D4E-B980-726871EC7833}.Debug|Any CPU.ActiveCfg = Debug|Any CPU
		{D05D93DF-312D-4D4E-B980-726871EC7833}.Debug|Any CPU.Build.0 = Debug|Any CPU
		{D05D93DF-312D-4D4E-B980-726871EC7833}.Debug|ARM.ActiveCfg = Debug|Any CPU
		{D05D93DF-312D-4D4E-B980-726871EC7833}.Debug|ARM.Build.0 = Debug|Any CPU
		{D05D93DF-312D-4D4E-B980-726871EC7833}.Debug|x64.ActiveCfg = Debug|Any CPU
		{D05D93DF-312D-4D4E-B980-726871EC7833}.Debug|x64.Build.0 = Debug|Any CPU
		{D05D93DF-312D-4D4E-B980-726871EC7833}.Debug|x86.ActiveCfg = Debug|Any CPU
		{D05D93DF-312D-4D4E-B980-726871EC7833}.Debug|x86.Build.0 = Debug|Any CPU
		{D05D93DF-312D-4D4E-B980-726871EC7833}.EasyTest|Any CPU.ActiveCfg = EasyTest|Any CPU
		{D05D93DF-312D-4D4E-B980-726871EC7833}.EasyTest|Any CPU.Build.0 = EasyTest|Any CPU
		{D05D93DF-312D-4D4E-B980-726871EC7833}.EasyTest|ARM.ActiveCfg = EasyTest|Any CPU
		{D05D93DF-312D-4D4E-B980-726871EC7833}.EasyTest|ARM.Build.0 = EasyTest|Any CPU
		{D05D93DF-312D-4D4E-B980-726871EC7833}.EasyTest|x64.ActiveCfg = EasyTest|Any CPU
		{D05D93DF-312D-4D4E-B980-726871EC7833}.EasyTest|x64.Build.0 = EasyTest|Any CPU
		{D05D93DF-312D-4D4E-B980-726871EC7833}.EasyTest|x86.ActiveCfg = EasyTest|Any CPU
		{D05D93DF-312D-4D4E-B980-726871EC7833}.EasyTest|x86.Build.0 = EasyTest|Any CPU
		{D05D93DF-312D-4D4E-B980-726871EC7833}.Release|Any CPU.ActiveCfg = Release|Any CPU
		{D05D93DF-312D-4D4E-B980-726871EC7833}.Release|Any CPU.Build.0 = Release|Any CPU
		{D05D93DF-312D-4D4E-B980-726871EC7833}.Release|ARM.ActiveCfg = Release|Any CPU
		{D05D93DF-312D-4D4E-B980-726871EC7833}.Release|ARM.Build.0 = Release|Any CPU
		{D05D93DF-312D-4D4E-B980-726871EC7833}.Release|x64.ActiveCfg = Release|Any CPU
		{D05D93DF-312D-4D4E-B980-726871EC7833}.Release|x64.Build.0 = Release|Any CPU
		{D05D93DF-312D-4D4E-B980-726871EC7833}.Release|x86.ActiveCfg = Release|Any CPU
		{D05D93DF-312D-4D4E-B980-726871EC7833}.Release|x86.Build.0 = Release|Any CPU
		{D29C2DD4-BAF0-4A76-A742-0DED87329303}.Debug|Any CPU.ActiveCfg = Debug|Any CPU
		{D29C2DD4-BAF0-4A76-A742-0DED87329303}.Debug|Any CPU.Build.0 = Debug|Any CPU
		{D29C2DD4-BAF0-4A76-A742-0DED87329303}.Debug|ARM.ActiveCfg = Debug|Any CPU
		{D29C2DD4-BAF0-4A76-A742-0DED87329303}.Debug|ARM.Build.0 = Debug|Any CPU
		{D29C2DD4-BAF0-4A76-A742-0DED87329303}.Debug|x64.ActiveCfg = Debug|Any CPU
		{D29C2DD4-BAF0-4A76-A742-0DED87329303}.Debug|x64.Build.0 = Debug|Any CPU
		{D29C2DD4-BAF0-4A76-A742-0DED87329303}.Debug|x86.ActiveCfg = Debug|Any CPU
		{D29C2DD4-BAF0-4A76-A742-0DED87329303}.Debug|x86.Build.0 = Debug|Any CPU
		{D29C2DD4-BAF0-4A76-A742-0DED87329303}.EasyTest|Any CPU.ActiveCfg = EasyTest|Any CPU
		{D29C2DD4-BAF0-4A76-A742-0DED87329303}.EasyTest|Any CPU.Build.0 = EasyTest|Any CPU
		{D29C2DD4-BAF0-4A76-A742-0DED87329303}.EasyTest|ARM.ActiveCfg = EasyTest|Any CPU
		{D29C2DD4-BAF0-4A76-A742-0DED87329303}.EasyTest|ARM.Build.0 = EasyTest|Any CPU
		{D29C2DD4-BAF0-4A76-A742-0DED87329303}.EasyTest|x64.ActiveCfg = EasyTest|Any CPU
		{D29C2DD4-BAF0-4A76-A742-0DED87329303}.EasyTest|x64.Build.0 = EasyTest|Any CPU
		{D29C2DD4-BAF0-4A76-A742-0DED87329303}.EasyTest|x86.ActiveCfg = EasyTest|Any CPU
		{D29C2DD4-BAF0-4A76-A742-0DED87329303}.EasyTest|x86.Build.0 = EasyTest|Any CPU
		{D29C2DD4-BAF0-4A76-A742-0DED87329303}.Release|Any CPU.ActiveCfg = Release|Any CPU
		{D29C2DD4-BAF0-4A76-A742-0DED87329303}.Release|Any CPU.Build.0 = Release|Any CPU
		{D29C2DD4-BAF0-4A76-A742-0DED87329303}.Release|ARM.ActiveCfg = Release|Any CPU
		{D29C2DD4-BAF0-4A76-A742-0DED87329303}.Release|ARM.Build.0 = Release|Any CPU
		{D29C2DD4-BAF0-4A76-A742-0DED87329303}.Release|x64.ActiveCfg = Release|Any CPU
		{D29C2DD4-BAF0-4A76-A742-0DED87329303}.Release|x64.Build.0 = Release|Any CPU
		{D29C2DD4-BAF0-4A76-A742-0DED87329303}.Release|x86.ActiveCfg = Release|Any CPU
		{D29C2DD4-BAF0-4A76-A742-0DED87329303}.Release|x86.Build.0 = Release|Any CPU
		{4DE476AB-FF74-475E-9318-0C968E1F49A9}.Debug|Any CPU.ActiveCfg = Debug|Any CPU
		{4DE476AB-FF74-475E-9318-0C968E1F49A9}.Debug|Any CPU.Build.0 = Debug|Any CPU
		{4DE476AB-FF74-475E-9318-0C968E1F49A9}.Debug|ARM.ActiveCfg = Debug|Any CPU
		{4DE476AB-FF74-475E-9318-0C968E1F49A9}.Debug|ARM.Build.0 = Debug|Any CPU
		{4DE476AB-FF74-475E-9318-0C968E1F49A9}.Debug|x64.ActiveCfg = Debug|Any CPU
		{4DE476AB-FF74-475E-9318-0C968E1F49A9}.Debug|x64.Build.0 = Debug|Any CPU
		{4DE476AB-FF74-475E-9318-0C968E1F49A9}.Debug|x86.ActiveCfg = Debug|Any CPU
		{4DE476AB-FF74-475E-9318-0C968E1F49A9}.Debug|x86.Build.0 = Debug|Any CPU
		{4DE476AB-FF74-475E-9318-0C968E1F49A9}.EasyTest|Any CPU.ActiveCfg = Release|Any CPU
		{4DE476AB-FF74-475E-9318-0C968E1F49A9}.EasyTest|Any CPU.Build.0 = Release|Any CPU
		{4DE476AB-FF74-475E-9318-0C968E1F49A9}.EasyTest|ARM.ActiveCfg = Release|Any CPU
		{4DE476AB-FF74-475E-9318-0C968E1F49A9}.EasyTest|ARM.Build.0 = Release|Any CPU
		{4DE476AB-FF74-475E-9318-0C968E1F49A9}.EasyTest|x64.ActiveCfg = Release|Any CPU
		{4DE476AB-FF74-475E-9318-0C968E1F49A9}.EasyTest|x64.Build.0 = Release|Any CPU
		{4DE476AB-FF74-475E-9318-0C968E1F49A9}.EasyTest|x86.ActiveCfg = Release|Any CPU
		{4DE476AB-FF74-475E-9318-0C968E1F49A9}.EasyTest|x86.Build.0 = Release|Any CPU
		{4DE476AB-FF74-475E-9318-0C968E1F49A9}.Release|Any CPU.ActiveCfg = Release|Any CPU
		{4DE476AB-FF74-475E-9318-0C968E1F49A9}.Release|Any CPU.Build.0 = Release|Any CPU
		{4DE476AB-FF74-475E-9318-0C968E1F49A9}.Release|ARM.ActiveCfg = Release|Any CPU
		{4DE476AB-FF74-475E-9318-0C968E1F49A9}.Release|ARM.Build.0 = Release|Any CPU
		{4DE476AB-FF74-475E-9318-0C968E1F49A9}.Release|x64.ActiveCfg = Release|Any CPU
		{4DE476AB-FF74-475E-9318-0C968E1F49A9}.Release|x64.Build.0 = Release|Any CPU
		{4DE476AB-FF74-475E-9318-0C968E1F49A9}.Release|x86.ActiveCfg = Release|Any CPU
		{4DE476AB-FF74-475E-9318-0C968E1F49A9}.Release|x86.Build.0 = Release|Any CPU
		{451F437C-0695-4D5B-908E-6E725B862EFE}.Debug|Any CPU.ActiveCfg = Debug|Any CPU
		{451F437C-0695-4D5B-908E-6E725B862EFE}.Debug|Any CPU.Build.0 = Debug|Any CPU
		{451F437C-0695-4D5B-908E-6E725B862EFE}.Debug|ARM.ActiveCfg = Debug|Any CPU
		{451F437C-0695-4D5B-908E-6E725B862EFE}.Debug|ARM.Build.0 = Debug|Any CPU
		{451F437C-0695-4D5B-908E-6E725B862EFE}.Debug|x64.ActiveCfg = Debug|Any CPU
		{451F437C-0695-4D5B-908E-6E725B862EFE}.Debug|x64.Build.0 = Debug|Any CPU
		{451F437C-0695-4D5B-908E-6E725B862EFE}.Debug|x86.ActiveCfg = Debug|Any CPU
		{451F437C-0695-4D5B-908E-6E725B862EFE}.Debug|x86.Build.0 = Debug|Any CPU
		{451F437C-0695-4D5B-908E-6E725B862EFE}.EasyTest|Any CPU.ActiveCfg = Debug|Any CPU
		{451F437C-0695-4D5B-908E-6E725B862EFE}.EasyTest|Any CPU.Build.0 = Debug|Any CPU
		{451F437C-0695-4D5B-908E-6E725B862EFE}.EasyTest|ARM.ActiveCfg = Release|Any CPU
		{451F437C-0695-4D5B-908E-6E725B862EFE}.EasyTest|ARM.Build.0 = Release|Any CPU
		{451F437C-0695-4D5B-908E-6E725B862EFE}.EasyTest|x64.ActiveCfg = Release|Any CPU
		{451F437C-0695-4D5B-908E-6E725B862EFE}.EasyTest|x64.Build.0 = Release|Any CPU
		{451F437C-0695-4D5B-908E-6E725B862EFE}.EasyTest|x86.ActiveCfg = Release|Any CPU
		{451F437C-0695-4D5B-908E-6E725B862EFE}.EasyTest|x86.Build.0 = Release|Any CPU
		{451F437C-0695-4D5B-908E-6E725B862EFE}.Release|Any CPU.ActiveCfg = Release|Any CPU
		{451F437C-0695-4D5B-908E-6E725B862EFE}.Release|Any CPU.Build.0 = Release|Any CPU
		{451F437C-0695-4D5B-908E-6E725B862EFE}.Release|ARM.ActiveCfg = Release|Any CPU
		{451F437C-0695-4D5B-908E-6E725B862EFE}.Release|ARM.Build.0 = Release|Any CPU
		{451F437C-0695-4D5B-908E-6E725B862EFE}.Release|x64.ActiveCfg = Release|Any CPU
		{451F437C-0695-4D5B-908E-6E725B862EFE}.Release|x64.Build.0 = Release|Any CPU
		{451F437C-0695-4D5B-908E-6E725B862EFE}.Release|x86.ActiveCfg = Release|Any CPU
		{451F437C-0695-4D5B-908E-6E725B862EFE}.Release|x86.Build.0 = Release|Any CPU
		{7EB3BF25-7A8C-45F7-B9C1-37299F50EA4E}.Debug|Any CPU.ActiveCfg = Debug|Any CPU
		{7EB3BF25-7A8C-45F7-B9C1-37299F50EA4E}.Debug|Any CPU.Build.0 = Debug|Any CPU
		{7EB3BF25-7A8C-45F7-B9C1-37299F50EA4E}.Debug|ARM.ActiveCfg = Debug|Any CPU
		{7EB3BF25-7A8C-45F7-B9C1-37299F50EA4E}.Debug|ARM.Build.0 = Debug|Any CPU
		{7EB3BF25-7A8C-45F7-B9C1-37299F50EA4E}.Debug|x64.ActiveCfg = Debug|Any CPU
		{7EB3BF25-7A8C-45F7-B9C1-37299F50EA4E}.Debug|x64.Build.0 = Debug|Any CPU
		{7EB3BF25-7A8C-45F7-B9C1-37299F50EA4E}.Debug|x86.ActiveCfg = Debug|Any CPU
		{7EB3BF25-7A8C-45F7-B9C1-37299F50EA4E}.Debug|x86.Build.0 = Debug|Any CPU
		{7EB3BF25-7A8C-45F7-B9C1-37299F50EA4E}.EasyTest|Any CPU.ActiveCfg = Release|Any CPU
		{7EB3BF25-7A8C-45F7-B9C1-37299F50EA4E}.EasyTest|Any CPU.Build.0 = Release|Any CPU
		{7EB3BF25-7A8C-45F7-B9C1-37299F50EA4E}.EasyTest|ARM.ActiveCfg = Release|Any CPU
		{7EB3BF25-7A8C-45F7-B9C1-37299F50EA4E}.EasyTest|ARM.Build.0 = Release|Any CPU
		{7EB3BF25-7A8C-45F7-B9C1-37299F50EA4E}.EasyTest|x64.ActiveCfg = Release|Any CPU
		{7EB3BF25-7A8C-45F7-B9C1-37299F50EA4E}.EasyTest|x64.Build.0 = Release|Any CPU
		{7EB3BF25-7A8C-45F7-B9C1-37299F50EA4E}.EasyTest|x86.ActiveCfg = Release|Any CPU
		{7EB3BF25-7A8C-45F7-B9C1-37299F50EA4E}.EasyTest|x86.Build.0 = Release|Any CPU
		{7EB3BF25-7A8C-45F7-B9C1-37299F50EA4E}.Release|Any CPU.ActiveCfg = Release|Any CPU
		{7EB3BF25-7A8C-45F7-B9C1-37299F50EA4E}.Release|Any CPU.Build.0 = Release|Any CPU
		{7EB3BF25-7A8C-45F7-B9C1-37299F50EA4E}.Release|ARM.ActiveCfg = Release|Any CPU
		{7EB3BF25-7A8C-45F7-B9C1-37299F50EA4E}.Release|ARM.Build.0 = Release|Any CPU
		{7EB3BF25-7A8C-45F7-B9C1-37299F50EA4E}.Release|x64.ActiveCfg = Release|Any CPU
		{7EB3BF25-7A8C-45F7-B9C1-37299F50EA4E}.Release|x64.Build.0 = Release|Any CPU
		{7EB3BF25-7A8C-45F7-B9C1-37299F50EA4E}.Release|x86.ActiveCfg = Release|Any CPU
		{7EB3BF25-7A8C-45F7-B9C1-37299F50EA4E}.Release|x86.Build.0 = Release|Any CPU
		{AFCE2A24-7BA6-42DF-BB5A-44C42946384D}.Debug|Any CPU.ActiveCfg = Debug|Any CPU
		{AFCE2A24-7BA6-42DF-BB5A-44C42946384D}.Debug|Any CPU.Build.0 = Debug|Any CPU
		{AFCE2A24-7BA6-42DF-BB5A-44C42946384D}.Debug|ARM.ActiveCfg = Debug|Any CPU
		{AFCE2A24-7BA6-42DF-BB5A-44C42946384D}.Debug|ARM.Build.0 = Debug|Any CPU
		{AFCE2A24-7BA6-42DF-BB5A-44C42946384D}.Debug|x64.ActiveCfg = Debug|Any CPU
		{AFCE2A24-7BA6-42DF-BB5A-44C42946384D}.Debug|x64.Build.0 = Debug|Any CPU
		{AFCE2A24-7BA6-42DF-BB5A-44C42946384D}.Debug|x86.ActiveCfg = Debug|Any CPU
		{AFCE2A24-7BA6-42DF-BB5A-44C42946384D}.Debug|x86.Build.0 = Debug|Any CPU
		{AFCE2A24-7BA6-42DF-BB5A-44C42946384D}.EasyTest|Any CPU.ActiveCfg = Release|Any CPU
		{AFCE2A24-7BA6-42DF-BB5A-44C42946384D}.EasyTest|Any CPU.Build.0 = Release|Any CPU
		{AFCE2A24-7BA6-42DF-BB5A-44C42946384D}.EasyTest|ARM.ActiveCfg = Release|Any CPU
		{AFCE2A24-7BA6-42DF-BB5A-44C42946384D}.EasyTest|ARM.Build.0 = Release|Any CPU
		{AFCE2A24-7BA6-42DF-BB5A-44C42946384D}.EasyTest|x64.ActiveCfg = Release|Any CPU
		{AFCE2A24-7BA6-42DF-BB5A-44C42946384D}.EasyTest|x64.Build.0 = Release|Any CPU
		{AFCE2A24-7BA6-42DF-BB5A-44C42946384D}.EasyTest|x86.ActiveCfg = Release|Any CPU
		{AFCE2A24-7BA6-42DF-BB5A-44C42946384D}.EasyTest|x86.Build.0 = Release|Any CPU
		{AFCE2A24-7BA6-42DF-BB5A-44C42946384D}.Release|Any CPU.ActiveCfg = Release|Any CPU
		{AFCE2A24-7BA6-42DF-BB5A-44C42946384D}.Release|Any CPU.Build.0 = Release|Any CPU
		{AFCE2A24-7BA6-42DF-BB5A-44C42946384D}.Release|ARM.ActiveCfg = Release|Any CPU
		{AFCE2A24-7BA6-42DF-BB5A-44C42946384D}.Release|ARM.Build.0 = Release|Any CPU
		{AFCE2A24-7BA6-42DF-BB5A-44C42946384D}.Release|x64.ActiveCfg = Release|Any CPU
		{AFCE2A24-7BA6-42DF-BB5A-44C42946384D}.Release|x64.Build.0 = Release|Any CPU
		{AFCE2A24-7BA6-42DF-BB5A-44C42946384D}.Release|x86.ActiveCfg = Release|Any CPU
		{AFCE2A24-7BA6-42DF-BB5A-44C42946384D}.Release|x86.Build.0 = Release|Any CPU
		{9C6D0DA5-A7E5-41DF-A77A-1B67B70F6CD3}.Debug|Any CPU.ActiveCfg = Debug|Any CPU
		{9C6D0DA5-A7E5-41DF-A77A-1B67B70F6CD3}.Debug|Any CPU.Build.0 = Debug|Any CPU
		{9C6D0DA5-A7E5-41DF-A77A-1B67B70F6CD3}.Debug|ARM.ActiveCfg = Debug|Any CPU
		{9C6D0DA5-A7E5-41DF-A77A-1B67B70F6CD3}.Debug|ARM.Build.0 = Debug|Any CPU
		{9C6D0DA5-A7E5-41DF-A77A-1B67B70F6CD3}.Debug|x64.ActiveCfg = Debug|Any CPU
		{9C6D0DA5-A7E5-41DF-A77A-1B67B70F6CD3}.Debug|x64.Build.0 = Debug|Any CPU
		{9C6D0DA5-A7E5-41DF-A77A-1B67B70F6CD3}.Debug|x86.ActiveCfg = Debug|Any CPU
		{9C6D0DA5-A7E5-41DF-A77A-1B67B70F6CD3}.Debug|x86.Build.0 = Debug|Any CPU
		{9C6D0DA5-A7E5-41DF-A77A-1B67B70F6CD3}.EasyTest|Any CPU.ActiveCfg = Release|Any CPU
		{9C6D0DA5-A7E5-41DF-A77A-1B67B70F6CD3}.EasyTest|Any CPU.Build.0 = Release|Any CPU
		{9C6D0DA5-A7E5-41DF-A77A-1B67B70F6CD3}.EasyTest|ARM.ActiveCfg = Release|Any CPU
		{9C6D0DA5-A7E5-41DF-A77A-1B67B70F6CD3}.EasyTest|ARM.Build.0 = Release|Any CPU
		{9C6D0DA5-A7E5-41DF-A77A-1B67B70F6CD3}.EasyTest|x64.ActiveCfg = Release|Any CPU
		{9C6D0DA5-A7E5-41DF-A77A-1B67B70F6CD3}.EasyTest|x64.Build.0 = Release|Any CPU
		{9C6D0DA5-A7E5-41DF-A77A-1B67B70F6CD3}.EasyTest|x86.ActiveCfg = Release|Any CPU
		{9C6D0DA5-A7E5-41DF-A77A-1B67B70F6CD3}.EasyTest|x86.Build.0 = Release|Any CPU
		{9C6D0DA5-A7E5-41DF-A77A-1B67B70F6CD3}.Release|Any CPU.ActiveCfg = Release|Any CPU
		{9C6D0DA5-A7E5-41DF-A77A-1B67B70F6CD3}.Release|Any CPU.Build.0 = Release|Any CPU
		{9C6D0DA5-A7E5-41DF-A77A-1B67B70F6CD3}.Release|ARM.ActiveCfg = Release|Any CPU
		{9C6D0DA5-A7E5-41DF-A77A-1B67B70F6CD3}.Release|ARM.Build.0 = Release|Any CPU
		{9C6D0DA5-A7E5-41DF-A77A-1B67B70F6CD3}.Release|x64.ActiveCfg = Release|Any CPU
		{9C6D0DA5-A7E5-41DF-A77A-1B67B70F6CD3}.Release|x64.Build.0 = Release|Any CPU
		{9C6D0DA5-A7E5-41DF-A77A-1B67B70F6CD3}.Release|x86.ActiveCfg = Release|Any CPU
		{9C6D0DA5-A7E5-41DF-A77A-1B67B70F6CD3}.Release|x86.Build.0 = Release|Any CPU
		{2E3DF5C2-8A38-4A03-86D7-8D463C917E47}.Debug|Any CPU.ActiveCfg = Debug|Any CPU
		{2E3DF5C2-8A38-4A03-86D7-8D463C917E47}.Debug|Any CPU.Build.0 = Debug|Any CPU
		{2E3DF5C2-8A38-4A03-86D7-8D463C917E47}.Debug|ARM.ActiveCfg = Debug|Any CPU
		{2E3DF5C2-8A38-4A03-86D7-8D463C917E47}.Debug|ARM.Build.0 = Debug|Any CPU
		{2E3DF5C2-8A38-4A03-86D7-8D463C917E47}.Debug|x64.ActiveCfg = Debug|Any CPU
		{2E3DF5C2-8A38-4A03-86D7-8D463C917E47}.Debug|x64.Build.0 = Debug|Any CPU
		{2E3DF5C2-8A38-4A03-86D7-8D463C917E47}.Debug|x86.ActiveCfg = Debug|Any CPU
		{2E3DF5C2-8A38-4A03-86D7-8D463C917E47}.Debug|x86.Build.0 = Debug|Any CPU
		{2E3DF5C2-8A38-4A03-86D7-8D463C917E47}.EasyTest|Any CPU.ActiveCfg = Release|Any CPU
		{2E3DF5C2-8A38-4A03-86D7-8D463C917E47}.EasyTest|Any CPU.Build.0 = Release|Any CPU
		{2E3DF5C2-8A38-4A03-86D7-8D463C917E47}.EasyTest|ARM.ActiveCfg = Release|Any CPU
		{2E3DF5C2-8A38-4A03-86D7-8D463C917E47}.EasyTest|ARM.Build.0 = Release|Any CPU
		{2E3DF5C2-8A38-4A03-86D7-8D463C917E47}.EasyTest|x64.ActiveCfg = Release|Any CPU
		{2E3DF5C2-8A38-4A03-86D7-8D463C917E47}.EasyTest|x64.Build.0 = Release|Any CPU
		{2E3DF5C2-8A38-4A03-86D7-8D463C917E47}.EasyTest|x86.ActiveCfg = Release|Any CPU
		{2E3DF5C2-8A38-4A03-86D7-8D463C917E47}.EasyTest|x86.Build.0 = Release|Any CPU
		{2E3DF5C2-8A38-4A03-86D7-8D463C917E47}.Release|Any CPU.ActiveCfg = Release|Any CPU
		{2E3DF5C2-8A38-4A03-86D7-8D463C917E47}.Release|Any CPU.Build.0 = Release|Any CPU
		{2E3DF5C2-8A38-4A03-86D7-8D463C917E47}.Release|ARM.ActiveCfg = Release|Any CPU
		{2E3DF5C2-8A38-4A03-86D7-8D463C917E47}.Release|ARM.Build.0 = Release|Any CPU
		{2E3DF5C2-8A38-4A03-86D7-8D463C917E47}.Release|x64.ActiveCfg = Release|Any CPU
		{2E3DF5C2-8A38-4A03-86D7-8D463C917E47}.Release|x64.Build.0 = Release|Any CPU
		{2E3DF5C2-8A38-4A03-86D7-8D463C917E47}.Release|x86.ActiveCfg = Release|Any CPU
		{2E3DF5C2-8A38-4A03-86D7-8D463C917E47}.Release|x86.Build.0 = Release|Any CPU
		{A80BB1CA-9C8D-4B41-8118-DB1A0A432923}.Debug|Any CPU.ActiveCfg = Debug|Any CPU
		{A80BB1CA-9C8D-4B41-8118-DB1A0A432923}.Debug|Any CPU.Build.0 = Debug|Any CPU
		{A80BB1CA-9C8D-4B41-8118-DB1A0A432923}.Debug|ARM.ActiveCfg = Debug|Any CPU
		{A80BB1CA-9C8D-4B41-8118-DB1A0A432923}.Debug|ARM.Build.0 = Debug|Any CPU
		{A80BB1CA-9C8D-4B41-8118-DB1A0A432923}.Debug|x64.ActiveCfg = Debug|Any CPU
		{A80BB1CA-9C8D-4B41-8118-DB1A0A432923}.Debug|x64.Build.0 = Debug|Any CPU
		{A80BB1CA-9C8D-4B41-8118-DB1A0A432923}.Debug|x86.ActiveCfg = Debug|Any CPU
		{A80BB1CA-9C8D-4B41-8118-DB1A0A432923}.Debug|x86.Build.0 = Debug|Any CPU
		{A80BB1CA-9C8D-4B41-8118-DB1A0A432923}.EasyTest|Any CPU.ActiveCfg = Release|Any CPU
		{A80BB1CA-9C8D-4B41-8118-DB1A0A432923}.EasyTest|Any CPU.Build.0 = Release|Any CPU
		{A80BB1CA-9C8D-4B41-8118-DB1A0A432923}.EasyTest|ARM.ActiveCfg = Release|Any CPU
		{A80BB1CA-9C8D-4B41-8118-DB1A0A432923}.EasyTest|ARM.Build.0 = Release|Any CPU
		{A80BB1CA-9C8D-4B41-8118-DB1A0A432923}.EasyTest|x64.ActiveCfg = Release|Any CPU
		{A80BB1CA-9C8D-4B41-8118-DB1A0A432923}.EasyTest|x64.Build.0 = Release|Any CPU
		{A80BB1CA-9C8D-4B41-8118-DB1A0A432923}.EasyTest|x86.ActiveCfg = Release|Any CPU
		{A80BB1CA-9C8D-4B41-8118-DB1A0A432923}.EasyTest|x86.Build.0 = Release|Any CPU
		{A80BB1CA-9C8D-4B41-8118-DB1A0A432923}.Release|Any CPU.ActiveCfg = Release|Any CPU
		{A80BB1CA-9C8D-4B41-8118-DB1A0A432923}.Release|Any CPU.Build.0 = Release|Any CPU
		{A80BB1CA-9C8D-4B41-8118-DB1A0A432923}.Release|ARM.ActiveCfg = Release|Any CPU
		{A80BB1CA-9C8D-4B41-8118-DB1A0A432923}.Release|ARM.Build.0 = Release|Any CPU
		{A80BB1CA-9C8D-4B41-8118-DB1A0A432923}.Release|x64.ActiveCfg = Release|Any CPU
		{A80BB1CA-9C8D-4B41-8118-DB1A0A432923}.Release|x64.Build.0 = Release|Any CPU
		{A80BB1CA-9C8D-4B41-8118-DB1A0A432923}.Release|x86.ActiveCfg = Release|Any CPU
		{A80BB1CA-9C8D-4B41-8118-DB1A0A432923}.Release|x86.Build.0 = Release|Any CPU
		{139CB60F-3DF5-4566-8494-8E06FEDD8DAC}.Debug|Any CPU.ActiveCfg = Debug|Any CPU
		{139CB60F-3DF5-4566-8494-8E06FEDD8DAC}.Debug|Any CPU.Build.0 = Debug|Any CPU
		{139CB60F-3DF5-4566-8494-8E06FEDD8DAC}.Debug|ARM.ActiveCfg = Debug|Any CPU
		{139CB60F-3DF5-4566-8494-8E06FEDD8DAC}.Debug|ARM.Build.0 = Debug|Any CPU
		{139CB60F-3DF5-4566-8494-8E06FEDD8DAC}.Debug|x64.ActiveCfg = Debug|Any CPU
		{139CB60F-3DF5-4566-8494-8E06FEDD8DAC}.Debug|x64.Build.0 = Debug|Any CPU
		{139CB60F-3DF5-4566-8494-8E06FEDD8DAC}.Debug|x86.ActiveCfg = Debug|Any CPU
		{139CB60F-3DF5-4566-8494-8E06FEDD8DAC}.Debug|x86.Build.0 = Debug|Any CPU
		{139CB60F-3DF5-4566-8494-8E06FEDD8DAC}.EasyTest|Any CPU.ActiveCfg = EasyTest|Any CPU
		{139CB60F-3DF5-4566-8494-8E06FEDD8DAC}.EasyTest|Any CPU.Build.0 = EasyTest|Any CPU
		{139CB60F-3DF5-4566-8494-8E06FEDD8DAC}.EasyTest|ARM.ActiveCfg = EasyTest|Any CPU
		{139CB60F-3DF5-4566-8494-8E06FEDD8DAC}.EasyTest|ARM.Build.0 = EasyTest|Any CPU
		{139CB60F-3DF5-4566-8494-8E06FEDD8DAC}.EasyTest|x64.ActiveCfg = EasyTest|Any CPU
		{139CB60F-3DF5-4566-8494-8E06FEDD8DAC}.EasyTest|x64.Build.0 = EasyTest|Any CPU
		{139CB60F-3DF5-4566-8494-8E06FEDD8DAC}.EasyTest|x86.ActiveCfg = EasyTest|Any CPU
		{139CB60F-3DF5-4566-8494-8E06FEDD8DAC}.EasyTest|x86.Build.0 = EasyTest|Any CPU
		{139CB60F-3DF5-4566-8494-8E06FEDD8DAC}.Release|Any CPU.ActiveCfg = Release|Any CPU
		{139CB60F-3DF5-4566-8494-8E06FEDD8DAC}.Release|Any CPU.Build.0 = Release|Any CPU
		{139CB60F-3DF5-4566-8494-8E06FEDD8DAC}.Release|ARM.ActiveCfg = Release|Any CPU
		{139CB60F-3DF5-4566-8494-8E06FEDD8DAC}.Release|ARM.Build.0 = Release|Any CPU
		{139CB60F-3DF5-4566-8494-8E06FEDD8DAC}.Release|x64.ActiveCfg = Release|Any CPU
		{139CB60F-3DF5-4566-8494-8E06FEDD8DAC}.Release|x64.Build.0 = Release|Any CPU
		{139CB60F-3DF5-4566-8494-8E06FEDD8DAC}.Release|x86.ActiveCfg = Release|Any CPU
		{139CB60F-3DF5-4566-8494-8E06FEDD8DAC}.Release|x86.Build.0 = Release|Any CPU
		{B9EF03FF-D05B-4FD4-A8E9-F90D819CB1DC}.Debug|Any CPU.ActiveCfg = Debug|Any CPU
		{B9EF03FF-D05B-4FD4-A8E9-F90D819CB1DC}.Debug|Any CPU.Build.0 = Debug|Any CPU
		{B9EF03FF-D05B-4FD4-A8E9-F90D819CB1DC}.Debug|ARM.ActiveCfg = Debug|Any CPU
		{B9EF03FF-D05B-4FD4-A8E9-F90D819CB1DC}.Debug|ARM.Build.0 = Debug|Any CPU
		{B9EF03FF-D05B-4FD4-A8E9-F90D819CB1DC}.Debug|x64.ActiveCfg = Debug|Any CPU
		{B9EF03FF-D05B-4FD4-A8E9-F90D819CB1DC}.Debug|x64.Build.0 = Debug|Any CPU
		{B9EF03FF-D05B-4FD4-A8E9-F90D819CB1DC}.Debug|x86.ActiveCfg = Debug|Any CPU
		{B9EF03FF-D05B-4FD4-A8E9-F90D819CB1DC}.Debug|x86.Build.0 = Debug|Any CPU
		{B9EF03FF-D05B-4FD4-A8E9-F90D819CB1DC}.EasyTest|Any CPU.ActiveCfg = Release|Any CPU
		{B9EF03FF-D05B-4FD4-A8E9-F90D819CB1DC}.EasyTest|Any CPU.Build.0 = Release|Any CPU
		{B9EF03FF-D05B-4FD4-A8E9-F90D819CB1DC}.EasyTest|ARM.ActiveCfg = Release|Any CPU
		{B9EF03FF-D05B-4FD4-A8E9-F90D819CB1DC}.EasyTest|ARM.Build.0 = Release|Any CPU
		{B9EF03FF-D05B-4FD4-A8E9-F90D819CB1DC}.EasyTest|x64.ActiveCfg = Release|Any CPU
		{B9EF03FF-D05B-4FD4-A8E9-F90D819CB1DC}.EasyTest|x64.Build.0 = Release|Any CPU
		{B9EF03FF-D05B-4FD4-A8E9-F90D819CB1DC}.EasyTest|x86.ActiveCfg = Release|Any CPU
		{B9EF03FF-D05B-4FD4-A8E9-F90D819CB1DC}.EasyTest|x86.Build.0 = Release|Any CPU
		{B9EF03FF-D05B-4FD4-A8E9-F90D819CB1DC}.Release|Any CPU.ActiveCfg = Release|Any CPU
		{B9EF03FF-D05B-4FD4-A8E9-F90D819CB1DC}.Release|Any CPU.Build.0 = Release|Any CPU
		{B9EF03FF-D05B-4FD4-A8E9-F90D819CB1DC}.Release|ARM.ActiveCfg = Release|Any CPU
		{B9EF03FF-D05B-4FD4-A8E9-F90D819CB1DC}.Release|ARM.Build.0 = Release|Any CPU
		{B9EF03FF-D05B-4FD4-A8E9-F90D819CB1DC}.Release|x64.ActiveCfg = Release|Any CPU
		{B9EF03FF-D05B-4FD4-A8E9-F90D819CB1DC}.Release|x64.Build.0 = Release|Any CPU
		{B9EF03FF-D05B-4FD4-A8E9-F90D819CB1DC}.Release|x86.ActiveCfg = Release|Any CPU
		{B9EF03FF-D05B-4FD4-A8E9-F90D819CB1DC}.Release|x86.Build.0 = Release|Any CPU
		{D7405FE5-4733-4700-8B8D-8BA1F61BB730}.Debug|Any CPU.ActiveCfg = Debug|Any CPU
		{D7405FE5-4733-4700-8B8D-8BA1F61BB730}.Debug|Any CPU.Build.0 = Debug|Any CPU
		{D7405FE5-4733-4700-8B8D-8BA1F61BB730}.Debug|ARM.ActiveCfg = Debug|Any CPU
		{D7405FE5-4733-4700-8B8D-8BA1F61BB730}.Debug|ARM.Build.0 = Debug|Any CPU
		{D7405FE5-4733-4700-8B8D-8BA1F61BB730}.Debug|x64.ActiveCfg = Debug|Any CPU
		{D7405FE5-4733-4700-8B8D-8BA1F61BB730}.Debug|x64.Build.0 = Debug|Any CPU
		{D7405FE5-4733-4700-8B8D-8BA1F61BB730}.Debug|x86.ActiveCfg = Debug|Any CPU
		{D7405FE5-4733-4700-8B8D-8BA1F61BB730}.Debug|x86.Build.0 = Debug|Any CPU
		{D7405FE5-4733-4700-8B8D-8BA1F61BB730}.EasyTest|Any CPU.ActiveCfg = Release|Any CPU
		{D7405FE5-4733-4700-8B8D-8BA1F61BB730}.EasyTest|Any CPU.Build.0 = Release|Any CPU
		{D7405FE5-4733-4700-8B8D-8BA1F61BB730}.EasyTest|ARM.ActiveCfg = Release|Any CPU
		{D7405FE5-4733-4700-8B8D-8BA1F61BB730}.EasyTest|ARM.Build.0 = Release|Any CPU
		{D7405FE5-4733-4700-8B8D-8BA1F61BB730}.EasyTest|x64.ActiveCfg = Release|Any CPU
		{D7405FE5-4733-4700-8B8D-8BA1F61BB730}.EasyTest|x64.Build.0 = Release|Any CPU
		{D7405FE5-4733-4700-8B8D-8BA1F61BB730}.EasyTest|x86.ActiveCfg = Release|Any CPU
		{D7405FE5-4733-4700-8B8D-8BA1F61BB730}.EasyTest|x86.Build.0 = Release|Any CPU
		{D7405FE5-4733-4700-8B8D-8BA1F61BB730}.Release|Any CPU.ActiveCfg = Release|Any CPU
		{D7405FE5-4733-4700-8B8D-8BA1F61BB730}.Release|Any CPU.Build.0 = Release|Any CPU
		{D7405FE5-4733-4700-8B8D-8BA1F61BB730}.Release|ARM.ActiveCfg = Release|Any CPU
		{D7405FE5-4733-4700-8B8D-8BA1F61BB730}.Release|ARM.Build.0 = Release|Any CPU
		{D7405FE5-4733-4700-8B8D-8BA1F61BB730}.Release|x64.ActiveCfg = Release|Any CPU
		{D7405FE5-4733-4700-8B8D-8BA1F61BB730}.Release|x64.Build.0 = Release|Any CPU
		{D7405FE5-4733-4700-8B8D-8BA1F61BB730}.Release|x86.ActiveCfg = Release|Any CPU
		{D7405FE5-4733-4700-8B8D-8BA1F61BB730}.Release|x86.Build.0 = Release|Any CPU
	EndGlobalSection
	GlobalSection(SolutionProperties) = preSolution
		HideSolutionNode = FALSE
	EndGlobalSection
	GlobalSection(NestedProjects) = preSolution
		{AFCE2A24-7BA6-42DF-BB5A-44C42946384D} = {833C68B7-99DE-4286-AF0E-D9B015FC6BAC}
		{9C6D0DA5-A7E5-41DF-A77A-1B67B70F6CD3} = {2774D06B-0765-4F8A-B4A5-89C5BAC03A7F}
	EndGlobalSection
	GlobalSection(ExtensibilityGlobals) = postSolution
		SolutionGuid = {F80BF8E3-9CEE-4606-B956-49B44CA1B96A}
	EndGlobalSection
EndGlobal
